
Microsoft Visual Studio Solution File, Format Version 12.00
# Visual Studio Version 17
VisualStudioVersion = 17.0.31903.59
MinimumVisualStudioVersion = 10.0.40219.1
Project("{9A19103F-16F7-4668-BE54-9A1E7A4F7556}") = "Leuka.Web", "Leuka.Web\Leuka.Web.csproj", "{18573BBE-2506-46E6-8582-150E26CF46F4}"
EndProject
Project("{FAE04EC0-301F-11D3-BF4B-00C04F79EFBC}") = "Leuka.Models", "Leuka.Models\Leuka.Models.csproj", "{7451DBE7-2348-4ADA-AE20-02E7A5978B60}"
EndProject
Project("{FAE04EC0-301F-11D3-BF4B-00C04F79EFBC}") = "Leuka.Core", "Leuka.Core\Leuka.Core.csproj", "{1B5A6660-2B1E-4C50-B9DA-1B45ACDB2A51}"
EndProject
Project("{FAE04EC0-301F-11D3-BF4B-00C04F79EFBC}") = "Leuka.Common", "Leuka.Common\Leuka.Common.csproj", "{D269BB4D-3996-409D-BF7F-2E775FB949D6}"
EndProject
Project("{FAE04EC0-301F-11D3-BF4B-00C04F79EFBC}") = "Leuka.Search", "Leuka.Search\Leuka.Search.csproj", "{E856543C-A2A0-42EA-90BE-99745BC7CBAC}"
EndProject
Global
	GlobalSection(SolutionConfigurationPlatforms) = preSolution
		Debug|Any CPU = Debug|Any CPU
		Release|Any CPU = Release|Any CPU
	EndGlobalSection
	GlobalSection(ProjectConfigurationPlatforms) = postSolution
		{18573BBE-2506-46E6-8582-150E26CF46F4}.Debug|Any CPU.ActiveCfg = Debug|Any CPU
		{18573BBE-2506-46E6-8582-150E26CF46F4}.Debug|Any CPU.Build.0 = Debug|Any CPU
		{18573BBE-2506-46E6-8582-150E26CF46F4}.Release|Any CPU.ActiveCfg = Release|Any CPU
		{18573BBE-2506-46E6-8582-150E26CF46F4}.Release|Any CPU.Build.0 = Release|Any CPU
		{7451DBE7-2348-4ADA-AE20-02E7A5978B60}.Debug|Any CPU.ActiveCfg = Debug|Any CPU
		{7451DBE7-2348-4ADA-AE20-02E7A5978B60}.Debug|Any CPU.Build.0 = Debug|Any CPU
		{7451DBE7-2348-4ADA-AE20-02E7A5978B60}.Release|Any CPU.ActiveCfg = Release|Any CPU
		{7451DBE7-2348-4ADA-AE20-02E7A5978B60}.Release|Any CPU.Build.0 = Release|Any CPU
		{1B5A6660-2B1E-4C50-B9DA-1B45ACDB2A51}.Debug|Any CPU.ActiveCfg = Debug|Any CPU
		{1B5A6660-2B1E-4C50-B9DA-1B45ACDB2A51}.Debug|Any CPU.Build.0 = Debug|Any CPU
		{1B5A6660-2B1E-4C50-B9DA-1B45ACDB2A51}.Release|Any CPU.ActiveCfg = Release|Any CPU
		{1B5A6660-2B1E-4C50-B9DA-1B45ACDB2A51}.Release|Any CPU.Build.0 = Release|Any CPU
		{D269BB4D-3996-409D-BF7F-2E775FB949D6}.Debug|Any CPU.ActiveCfg = Debug|Any CPU
		{D269BB4D-3996-409D-BF7F-2E775FB949D6}.Debug|Any CPU.Build.0 = Debug|Any CPU
		{D269BB4D-3996-409D-BF7F-2E775FB949D6}.Release|Any CPU.ActiveCfg = Release|Any CPU
		{D269BB4D-3996-409D-BF7F-2E775FB949D6}.Release|Any CPU.Build.0 = Release|Any CPU
		{E856543C-A2A0-42EA-90BE-99745BC7CBAC}.Debug|Any CPU.ActiveCfg = Debug|Any CPU
		{E856543C-A2A0-42EA-90BE-99745BC7CBAC}.Debug|Any CPU.Build.0 = Debug|Any CPU
		{E856543C-A2A0-42EA-90BE-99745BC7CBAC}.Release|Any CPU.ActiveCfg = Release|Any CPU
		{E856543C-A2A0-42EA-90BE-99745BC7CBAC}.Release|Any CPU.Build.0 = Release|Any CPU
	EndGlobalSection
	GlobalSection(SolutionProperties) = preSolution
		HideSolutionNode = FALSE
	EndGlobalSection
	GlobalSection(ExtensibilityGlobals) = postSolution
		SolutionGuid = {2EE5032A-DA46-42EB-9804-88047A860371}
	EndGlobalSection
EndGlobal
